
Microsoft Visual Studio Solution File, Format Version 12.00
# Visual Studio Version 16
VisualStudioVersion = 25.0.1700.6
MinimumVisualStudioVersion = 10.0.40219.1
Project("{FAE04EC0-301F-11D3-BF4B-00C04F79EFBC}") = "collct_info_demo", "collct_info_demo\collct_info_demo.csproj", "{F16563D8-8074-407B-98C1-08B9FAE72287}"
EndProject
Global
	GlobalSection(SolutionConfigurationPlatforms) = preSolution
		Debug|Any CPU = Debug|Any CPU
		Release|Any CPU = Release|Any CPU
	EndGlobalSection
	GlobalSection(ProjectConfigurationPlatforms) = postSolution
		{F16563D8-8074-407B-98C1-08B9FAE72287}.Debug|Any CPU.ActiveCfg = Debug|Any CPU
		{F16563D8-8074-407B-98C1-08B9FAE72287}.Debug|Any CPU.Build.0 = Debug|Any CPU
		{F16563D8-8074-407B-98C1-08B9FAE72287}.Release|Any CPU.ActiveCfg = Release|Any CPU
		{F16563D8-8074-407B-98C1-08B9FAE72287}.Release|Any CPU.Build.0 = Release|Any CPU
	EndGlobalSection
	GlobalSection(SolutionProperties) = preSolution
		HideSolutionNode = FALSE
	EndGlobalSection
	GlobalSection(ExtensibilityGlobals) = postSolution
		SolutionGuid = {C8B27B84-FB8B-4C6C-9C8B-08E741EC8686}
	EndGlobalSection
EndGlobal
